
Microsoft Visual Studio Solution File, Format Version 12.00
# Visual Studio Version 17
VisualStudioVersion = 17.0.31903.59
MinimumVisualStudioVersion = 10.0.40219.1
Project("{2150E333-8FDC-42A3-9474-1A3956D46DE8}") = "src", "src", "{AE90D3E9-8807-42F2-BED0-B9E841140D2E}"
EndProject
Project("{2150E333-8FDC-42A3-9474-1A3956D46DE8}") = "Products", "Products", "{DFDE1C31-0D98-47B0-9453-A4DBA6EBC88F}"
EndProject
Project("{FAE04EC0-301F-11D3-BF4B-00C04F79EFBC}") = "Products.Domain", "src\Products\Products.Domain\Products.Domain.csproj", "{8A536D9A-B46A-4825-A919-41668E648865}"
EndProject
Project("{FAE04EC0-301F-11D3-BF4B-00C04F79EFBC}") = "Products.Infrastructure", "src\Products\Products.Infrastructure\Products.Infrastructure.csproj", "{30A6B23A-A5BB-4119-830E-67AC44B3D9E4}"
EndProject
Project("{FAE04EC0-301F-11D3-BF4B-00C04F79EFBC}") = "Products.Application", "src\Products\Products.Application\Products.Application.csproj", "{9F2AED18-F2C3-4739-B0B5-A0A24024AA9E}"
EndProject
Project("{FAE04EC0-301F-11D3-BF4B-00C04F79EFBC}") = "Products.Api", "src\Products\Products.Api\Products.Api.csproj", "{2B479718-B8A3-414B-8852-97FEEF690B65}"
EndProject
Project("{2150E333-8FDC-42A3-9474-1A3956D46DE8}") = "Customers", "Customers", "{9BC67659-8537-4997-8D3D-037C162D080E}"
EndProject
Project("{FAE04EC0-301F-11D3-BF4B-00C04F79EFBC}") = "Customers.Domain", "src\Customers\Customers.Domain\Customers.Domain.csproj", "{7F38EBFC-DEBE-4624-A512-7881C142308C}"
EndProject
Project("{FAE04EC0-301F-11D3-BF4B-00C04F79EFBC}") = "Customers.Application", "src\Customers\Customers.Application\Customers.Application.csproj", "{07854B6C-73E2-428A-83B5-09B310EF40C9}"
EndProject
Project("{FAE04EC0-301F-11D3-BF4B-00C04F79EFBC}") = "Customers.Infrastructure", "src\Customers\Customers.Infrastructure\Customers.Infrastructure.csproj", "{1BE0BA4D-95F9-4998-9C5A-61E1D3E0BCDD}"
EndProject
Project("{FAE04EC0-301F-11D3-BF4B-00C04F79EFBC}") = "Customers.Api", "src\Customers\Customers.Api\Customers.Api.csproj", "{82780CCC-9579-43EA-AE91-707BB479BF7D}"
EndProject
Project("{2150E333-8FDC-42A3-9474-1A3956D46DE8}") = "Orders", "Orders", "{97A71A29-155B-45A7-B712-BCEF499F7E96}"
EndProject
Project("{FAE04EC0-301F-11D3-BF4B-00C04F79EFBC}") = "Orders.Domain", "src\Orders\Orders.Domain\Orders.Domain.csproj", "{CBEBF835-4F52-4852-8227-7306611A5242}"
EndProject
Project("{FAE04EC0-301F-11D3-BF4B-00C04F79EFBC}") = "Orders.Application", "src\Orders\Orders.Application\Orders.Application.csproj", "{08399079-8B61-4DD8-9A70-6A64C9D574DB}"
EndProject
Project("{FAE04EC0-301F-11D3-BF4B-00C04F79EFBC}") = "Orders.Infrastructure", "src\Orders\Orders.Infrastructure\Orders.Infrastructure.csproj", "{A8A02677-CAEB-47AF-884E-A606D43A919D}"
EndProject
Project("{FAE04EC0-301F-11D3-BF4B-00C04F79EFBC}") = "Orders.Api", "src\Orders\Orders.Api\Orders.Api.csproj", "{A09A7E1B-7FD0-40B5-98AC-251DAB88469F}"
EndProject
Project("{2150E333-8FDC-42A3-9474-1A3956D46DE8}") = "Web", "Web", "{2892D9E0-4F33-4815-ADF3-1596B17C510D}"
EndProject
Project("{FAE04EC0-301F-11D3-BF4B-00C04F79EFBC}") = "Web.Client", "src\Web\Web.Client\Web.Client.csproj", "{5B3C1774-11B2-4A0E-B92B-A7B29C722A07}"
EndProject
Global
	GlobalSection(SolutionConfigurationPlatforms) = preSolution
		Debug|Any CPU = Debug|Any CPU
		Release|Any CPU = Release|Any CPU
	EndGlobalSection
	GlobalSection(SolutionProperties) = preSolution
		HideSolutionNode = FALSE
	EndGlobalSection
	GlobalSection(ProjectConfigurationPlatforms) = postSolution
		{8A536D9A-B46A-4825-A919-41668E648865}.Debug|Any CPU.ActiveCfg = Debug|Any CPU
		{8A536D9A-B46A-4825-A919-41668E648865}.Debug|Any CPU.Build.0 = Debug|Any CPU
		{8A536D9A-B46A-4825-A919-41668E648865}.Release|Any CPU.ActiveCfg = Release|Any CPU
		{8A536D9A-B46A-4825-A919-41668E648865}.Release|Any CPU.Build.0 = Release|Any CPU
		{30A6B23A-A5BB-4119-830E-67AC44B3D9E4}.Debug|Any CPU.ActiveCfg = Debug|Any CPU
		{30A6B23A-A5BB-4119-830E-67AC44B3D9E4}.Debug|Any CPU.Build.0 = Debug|Any CPU
		{30A6B23A-A5BB-4119-830E-67AC44B3D9E4}.Release|Any CPU.ActiveCfg = Release|Any CPU
		{30A6B23A-A5BB-4119-830E-67AC44B3D9E4}.Release|Any CPU.Build.0 = Release|Any CPU
		{9F2AED18-F2C3-4739-B0B5-A0A24024AA9E}.Debug|Any CPU.ActiveCfg = Debug|Any CPU
		{9F2AED18-F2C3-4739-B0B5-A0A24024AA9E}.Debug|Any CPU.Build.0 = Debug|Any CPU
		{9F2AED18-F2C3-4739-B0B5-A0A24024AA9E}.Release|Any CPU.ActiveCfg = Release|Any CPU
		{9F2AED18-F2C3-4739-B0B5-A0A24024AA9E}.Release|Any CPU.Build.0 = Release|Any CPU
		{2B479718-B8A3-414B-8852-97FEEF690B65}.Debug|Any CPU.ActiveCfg = Debug|Any CPU
		{2B479718-B8A3-414B-8852-97FEEF690B65}.Debug|Any CPU.Build.0 = Debug|Any CPU
		{2B479718-B8A3-414B-8852-97FEEF690B65}.Release|Any CPU.ActiveCfg = Release|Any CPU
		{2B479718-B8A3-414B-8852-97FEEF690B65}.Release|Any CPU.Build.0 = Release|Any CPU
		{7F38EBFC-DEBE-4624-A512-7881C142308C}.Debug|Any CPU.ActiveCfg = Debug|Any CPU
		{7F38EBFC-DEBE-4624-A512-7881C142308C}.Debug|Any CPU.Build.0 = Debug|Any CPU
		{7F38EBFC-DEBE-4624-A512-7881C142308C}.Release|Any CPU.ActiveCfg = Release|Any CPU
		{7F38EBFC-DEBE-4624-A512-7881C142308C}.Release|Any CPU.Build.0 = Release|Any CPU
		{07854B6C-73E2-428A-83B5-09B310EF40C9}.Debug|Any CPU.ActiveCfg = Debug|Any CPU
		{07854B6C-73E2-428A-83B5-09B310EF40C9}.Debug|Any CPU.Build.0 = Debug|Any CPU
		{07854B6C-73E2-428A-83B5-09B310EF40C9}.Release|Any CPU.ActiveCfg = Release|Any CPU
		{07854B6C-73E2-428A-83B5-09B310EF40C9}.Release|Any CPU.Build.0 = Release|Any CPU
		{1BE0BA4D-95F9-4998-9C5A-61E1D3E0BCDD}.Debug|Any CPU.ActiveCfg = Debug|Any CPU
		{1BE0BA4D-95F9-4998-9C5A-61E1D3E0BCDD}.Debug|Any CPU.Build.0 = Debug|Any CPU
		{1BE0BA4D-95F9-4998-9C5A-61E1D3E0BCDD}.Release|Any CPU.ActiveCfg = Release|Any CPU
		{1BE0BA4D-95F9-4998-9C5A-61E1D3E0BCDD}.Release|Any CPU.Build.0 = Release|Any CPU
		{82780CCC-9579-43EA-AE91-707BB479BF7D}.Debug|Any CPU.ActiveCfg = Debug|Any CPU
		{82780CCC-9579-43EA-AE91-707BB479BF7D}.Debug|Any CPU.Build.0 = Debug|Any CPU
		{82780CCC-9579-43EA-AE91-707BB479BF7D}.Release|Any CPU.ActiveCfg = Release|Any CPU
		{82780CCC-9579-43EA-AE91-707BB479BF7D}.Release|Any CPU.Build.0 = Release|Any CPU
		{CBEBF835-4F52-4852-8227-7306611A5242}.Debug|Any CPU.ActiveCfg = Debug|Any CPU
		{CBEBF835-4F52-4852-8227-7306611A5242}.Debug|Any CPU.Build.0 = Debug|Any CPU
		{CBEBF835-4F52-4852-8227-7306611A5242}.Release|Any CPU.ActiveCfg = Release|Any CPU
		{CBEBF835-4F52-4852-8227-7306611A5242}.Release|Any CPU.Build.0 = Release|Any CPU
		{08399079-8B61-4DD8-9A70-6A64C9D574DB}.Debug|Any CPU.ActiveCfg = Debug|Any CPU
		{08399079-8B61-4DD8-9A70-6A64C9D574DB}.Debug|Any CPU.Build.0 = Debug|Any CPU
		{08399079-8B61-4DD8-9A70-6A64C9D574DB}.Release|Any CPU.ActiveCfg = Release|Any CPU
		{08399079-8B61-4DD8-9A70-6A64C9D574DB}.Release|Any CPU.Build.0 = Release|Any CPU
		{A8A02677-CAEB-47AF-884E-A606D43A919D}.Debug|Any CPU.ActiveCfg = Debug|Any CPU
		{A8A02677-CAEB-47AF-884E-A606D43A919D}.Debug|Any CPU.Build.0 = Debug|Any CPU
		{A8A02677-CAEB-47AF-884E-A606D43A919D}.Release|Any CPU.ActiveCfg = Release|Any CPU
		{A8A02677-CAEB-47AF-884E-A606D43A919D}.Release|Any CPU.Build.0 = Release|Any CPU
		{A09A7E1B-7FD0-40B5-98AC-251DAB88469F}.Debug|Any CPU.ActiveCfg = Debug|Any CPU
		{A09A7E1B-7FD0-40B5-98AC-251DAB88469F}.Debug|Any CPU.Build.0 = Debug|Any CPU
		{A09A7E1B-7FD0-40B5-98AC-251DAB88469F}.Release|Any CPU.ActiveCfg = Release|Any CPU
		{A09A7E1B-7FD0-40B5-98AC-251DAB88469F}.Release|Any CPU.Build.0 = Release|Any CPU
		{5B3C1774-11B2-4A0E-B92B-A7B29C722A07}.Debug|Any CPU.ActiveCfg = Debug|Any CPU
		{5B3C1774-11B2-4A0E-B92B-A7B29C722A07}.Debug|Any CPU.Build.0 = Debug|Any CPU
		{5B3C1774-11B2-4A0E-B92B-A7B29C722A07}.Release|Any CPU.ActiveCfg = Release|Any CPU
		{5B3C1774-11B2-4A0E-B92B-A7B29C722A07}.Release|Any CPU.Build.0 = Release|Any CPU
	EndGlobalSection
	GlobalSection(NestedProjects) = preSolution
		{DFDE1C31-0D98-47B0-9453-A4DBA6EBC88F} = {AE90D3E9-8807-42F2-BED0-B9E841140D2E}
		{8A536D9A-B46A-4825-A919-41668E648865} = {DFDE1C31-0D98-47B0-9453-A4DBA6EBC88F}
		{30A6B23A-A5BB-4119-830E-67AC44B3D9E4} = {DFDE1C31-0D98-47B0-9453-A4DBA6EBC88F}
		{9F2AED18-F2C3-4739-B0B5-A0A24024AA9E} = {DFDE1C31-0D98-47B0-9453-A4DBA6EBC88F}
		{2B479718-B8A3-414B-8852-97FEEF690B65} = {DFDE1C31-0D98-47B0-9453-A4DBA6EBC88F}
		{9BC67659-8537-4997-8D3D-037C162D080E} = {AE90D3E9-8807-42F2-BED0-B9E841140D2E}
		{7F38EBFC-DEBE-4624-A512-7881C142308C} = {9BC67659-8537-4997-8D3D-037C162D080E}
		{07854B6C-73E2-428A-83B5-09B310EF40C9} = {9BC67659-8537-4997-8D3D-037C162D080E}
		{1BE0BA4D-95F9-4998-9C5A-61E1D3E0BCDD} = {9BC67659-8537-4997-8D3D-037C162D080E}
		{82780CCC-9579-43EA-AE91-707BB479BF7D} = {9BC67659-8537-4997-8D3D-037C162D080E}
		{CBEBF835-4F52-4852-8227-7306611A5242} = {97A71A29-155B-45A7-B712-BCEF499F7E96}
		{08399079-8B61-4DD8-9A70-6A64C9D574DB} = {97A71A29-155B-45A7-B712-BCEF499F7E96}
		{A8A02677-CAEB-47AF-884E-A606D43A919D} = {97A71A29-155B-45A7-B712-BCEF499F7E96}
		{A09A7E1B-7FD0-40B5-98AC-251DAB88469F} = {97A71A29-155B-45A7-B712-BCEF499F7E96}
		{2892D9E0-4F33-4815-ADF3-1596B17C510D} = {AE90D3E9-8807-42F2-BED0-B9E841140D2E}
		{5B3C1774-11B2-4A0E-B92B-A7B29C722A07} = {2892D9E0-4F33-4815-ADF3-1596B17C510D}
	EndGlobalSection
EndGlobal
