
Microsoft Visual Studio Solution File, Format Version 12.00
# Visual Studio Version 17
VisualStudioVersion = 17.0.31903.59
MinimumVisualStudioVersion = 10.0.40219.1
Project("{2150E333-8FDC-42A3-9474-1A3956D46DE8}") = "src", "src", "{AE90D3E9-8807-42F2-BED0-B9E841140D2E}"
EndProject
Project("{2150E333-8FDC-42A3-9474-1A3956D46DE8}") = "Products", "Products", "{DFDE1C31-0D98-47B0-9453-A4DBA6EBC88F}"
EndProject
Project("{FAE04EC0-301F-11D3-BF4B-00C04F79EFBC}") = "Products.Domain", "src\Products\Products.Domain\Products.Domain.csproj", "{8A536D9A-B46A-4825-A919-41668E648865}"
EndProject
Global
	GlobalSection(SolutionConfigurationPlatforms) = preSolution
		Debug|Any CPU = Debug|Any CPU
		Release|Any CPU = Release|Any CPU
	EndGlobalSection
	GlobalSection(SolutionProperties) = preSolution
		HideSolutionNode = FALSE
	EndGlobalSection
	GlobalSection(ProjectConfigurationPlatforms) = postSolution
		{8A536D9A-B46A-4825-A919-41668E648865}.Debug|Any CPU.ActiveCfg = Debug|Any CPU
		{8A536D9A-B46A-4825-A919-41668E648865}.Debug|Any CPU.Build.0 = Debug|Any CPU
		{8A536D9A-B46A-4825-A919-41668E648865}.Release|Any CPU.ActiveCfg = Release|Any CPU
		{8A536D9A-B46A-4825-A919-41668E648865}.Release|Any CPU.Build.0 = Release|Any CPU
	EndGlobalSection
	GlobalSection(NestedProjects) = preSolution
		{DFDE1C31-0D98-47B0-9453-A4DBA6EBC88F} = {AE90D3E9-8807-42F2-BED0-B9E841140D2E}
		{8A536D9A-B46A-4825-A919-41668E648865} = {DFDE1C31-0D98-47B0-9453-A4DBA6EBC88F}
	EndGlobalSection
EndGlobal
