
Microsoft Visual Studio Solution File, Format Version 12.00
# Visual Studio Version 17
VisualStudioVersion = 17.0.31903.59
MinimumVisualStudioVersion = 10.0.40219.1
Project("{2150E333-8FDC-42A3-9474-1A3956D46DE8}") = "src", "src", "{AE90D3E9-8807-42F2-BED0-B9E841140D2E}"
EndProject
Project("{2150E333-8FDC-42A3-9474-1A3956D46DE8}") = "Products", "Products", "{DFDE1C31-0D98-47B0-9453-A4DBA6EBC88F}"
EndProject
Project("{FAE04EC0-301F-11D3-BF4B-00C04F79EFBC}") = "Products.Domain", "src\Products\Products.Domain\Products.Domain.csproj", "{8A536D9A-B46A-4825-A919-41668E648865}"
EndProject
Project("{FAE04EC0-301F-11D3-BF4B-00C04F79EFBC}") = "Products.Infrastructure", "src\Products\Products.Infrastructure\Products.Infrastructure.csproj", "{30A6B23A-A5BB-4119-830E-67AC44B3D9E4}"
EndProject
Project("{FAE04EC0-301F-11D3-BF4B-00C04F79EFBC}") = "Products.Application", "src\Products\Products.Application\Products.Application.csproj", "{9F2AED18-F2C3-4739-B0B5-A0A24024AA9E}"
EndProject
Project("{FAE04EC0-301F-11D3-BF4B-00C04F79EFBC}") = "Products.Api", "src\Products\Products.Api\Products.Api.csproj", "{2B479718-B8A3-414B-8852-97FEEF690B65}"
EndProject
Global
	GlobalSection(SolutionConfigurationPlatforms) = preSolution
		Debug|Any CPU = Debug|Any CPU
		Release|Any CPU = Release|Any CPU
	EndGlobalSection
	GlobalSection(SolutionProperties) = preSolution
		HideSolutionNode = FALSE
	EndGlobalSection
	GlobalSection(ProjectConfigurationPlatforms) = postSolution
		{8A536D9A-B46A-4825-A919-41668E648865}.Debug|Any CPU.ActiveCfg = Debug|Any CPU
		{8A536D9A-B46A-4825-A919-41668E648865}.Debug|Any CPU.Build.0 = Debug|Any CPU
		{8A536D9A-B46A-4825-A919-41668E648865}.Release|Any CPU.ActiveCfg = Release|Any CPU
		{8A536D9A-B46A-4825-A919-41668E648865}.Release|Any CPU.Build.0 = Release|Any CPU
		{30A6B23A-A5BB-4119-830E-67AC44B3D9E4}.Debug|Any CPU.ActiveCfg = Debug|Any CPU
		{30A6B23A-A5BB-4119-830E-67AC44B3D9E4}.Debug|Any CPU.Build.0 = Debug|Any CPU
		{30A6B23A-A5BB-4119-830E-67AC44B3D9E4}.Release|Any CPU.ActiveCfg = Release|Any CPU
		{30A6B23A-A5BB-4119-830E-67AC44B3D9E4}.Release|Any CPU.Build.0 = Release|Any CPU
		{9F2AED18-F2C3-4739-B0B5-A0A24024AA9E}.Debug|Any CPU.ActiveCfg = Debug|Any CPU
		{9F2AED18-F2C3-4739-B0B5-A0A24024AA9E}.Debug|Any CPU.Build.0 = Debug|Any CPU
		{9F2AED18-F2C3-4739-B0B5-A0A24024AA9E}.Release|Any CPU.ActiveCfg = Release|Any CPU
		{9F2AED18-F2C3-4739-B0B5-A0A24024AA9E}.Release|Any CPU.Build.0 = Release|Any CPU
		{2B479718-B8A3-414B-8852-97FEEF690B65}.Debug|Any CPU.ActiveCfg = Debug|Any CPU
		{2B479718-B8A3-414B-8852-97FEEF690B65}.Debug|Any CPU.Build.0 = Debug|Any CPU
		{2B479718-B8A3-414B-8852-97FEEF690B65}.Release|Any CPU.ActiveCfg = Release|Any CPU
		{2B479718-B8A3-414B-8852-97FEEF690B65}.Release|Any CPU.Build.0 = Release|Any CPU
	EndGlobalSection
	GlobalSection(NestedProjects) = preSolution
		{DFDE1C31-0D98-47B0-9453-A4DBA6EBC88F} = {AE90D3E9-8807-42F2-BED0-B9E841140D2E}
		{8A536D9A-B46A-4825-A919-41668E648865} = {DFDE1C31-0D98-47B0-9453-A4DBA6EBC88F}
		{30A6B23A-A5BB-4119-830E-67AC44B3D9E4} = {DFDE1C31-0D98-47B0-9453-A4DBA6EBC88F}
		{9F2AED18-F2C3-4739-B0B5-A0A24024AA9E} = {DFDE1C31-0D98-47B0-9453-A4DBA6EBC88F}
		{2B479718-B8A3-414B-8852-97FEEF690B65} = {DFDE1C31-0D98-47B0-9453-A4DBA6EBC88F}
	EndGlobalSection
EndGlobal
